
Microsoft Visual Studio Solution File, Format Version 12.00
# Visual Studio Version 17
VisualStudioVersion = 17.14.36414.22 d17.14
MinimumVisualStudioVersion = 10.0.40219.1
Project("{FAE04EC0-301F-11D3-BF4B-00C04F79EFBC}") = "CerealProblem", "CerealProblem.csproj", "{2E030BEA-8343-4BB9-9D3B-AB6BE5791241}"
EndProject
Global
	GlobalSection(SolutionConfigurationPlatforms) = preSolution
		Debug|Any CPU = Debug|Any CPU
		Release|Any CPU = Release|Any CPU
	EndGlobalSection
	GlobalSection(ProjectConfigurationPlatforms) = postSolution
		{2E030BEA-8343-4BB9-9D3B-AB6BE5791241}.Debug|Any CPU.ActiveCfg = Debug|Any CPU
		{2E030BEA-8343-4BB9-9D3B-AB6BE5791241}.Debug|Any CPU.Build.0 = Debug|Any CPU
		{2E030BEA-8343-4BB9-9D3B-AB6BE5791241}.Release|Any CPU.ActiveCfg = Release|Any CPU
		{2E030BEA-8343-4BB9-9D3B-AB6BE5791241}.Release|Any CPU.Build.0 = Release|Any CPU
	EndGlobalSection
	GlobalSection(SolutionProperties) = preSolution
		HideSolutionNode = FALSE
	EndGlobalSection
	GlobalSection(ExtensibilityGlobals) = postSolution
		SolutionGuid = {6962737D-66A8-4492-AA6A-D5325D8CC8B2}
	EndGlobalSection
EndGlobal
